
Microsoft Visual Studio Solution File, Format Version 12.00
# Visual Studio 2012
Project("{FAE04EC0-301F-11D3-BF4B-00C04F79EFBC}") = "socketServer", "socketServer\socketServer.csproj", "{12B3F201-33F6-4654-96B2-A75740233670}"
EndProject
Global
	GlobalSection(SolutionConfigurationPlatforms) = preSolution
		Debug|Any CPU = Debug|Any CPU
		Release|Any CPU = Release|Any CPU
	EndGlobalSection
	GlobalSection(ProjectConfigurationPlatforms) = postSolution
		{12B3F201-33F6-4654-96B2-A75740233670}.Debug|Any CPU.ActiveCfg = Debug|Any CPU
		{12B3F201-33F6-4654-96B2-A75740233670}.Debug|Any CPU.Build.0 = Debug|Any CPU
		{12B3F201-33F6-4654-96B2-A75740233670}.Release|Any CPU.ActiveCfg = Release|Any CPU
		{12B3F201-33F6-4654-96B2-A75740233670}.Release|Any CPU.Build.0 = Release|Any CPU
	EndGlobalSection
	GlobalSection(SolutionProperties) = preSolution
		HideSolutionNode = FALSE
	EndGlobalSection
EndGlobal
